
Microsoft Visual Studio Solution File, Format Version 12.00
# Visual Studio Version 17
VisualStudioVersion = 17.13.35825.156 d17.13
MinimumVisualStudioVersion = 10.0.40219.1
Project("{FAE04EC0-301F-11D3-BF4B-00C04F79EFBC}") = "BiblioGest", "BiblioGest.csproj", "{4D16BDE2-885F-4724-AFA8-046F5FE81DFC}"
EndProject
Global
	GlobalSection(SolutionConfigurationPlatforms) = preSolution
		Debug|Any CPU = Debug|Any CPU
		Release|Any CPU = Release|Any CPU
	EndGlobalSection
	GlobalSection(ProjectConfigurationPlatforms) = postSolution
		{4D16BDE2-885F-4724-AFA8-046F5FE81DFC}.Debug|Any CPU.ActiveCfg = Debug|Any CPU
		{4D16BDE2-885F-4724-AFA8-046F5FE81DFC}.Debug|Any CPU.Build.0 = Debug|Any CPU
		{4D16BDE2-885F-4724-AFA8-046F5FE81DFC}.Release|Any CPU.ActiveCfg = Release|Any CPU
		{4D16BDE2-885F-4724-AFA8-046F5FE81DFC}.Release|Any CPU.Build.0 = Release|Any CPU
	EndGlobalSection
	GlobalSection(SolutionProperties) = preSolution
		HideSolutionNode = FALSE
	EndGlobalSection
	GlobalSection(ExtensibilityGlobals) = postSolution
		SolutionGuid = {27B4E74C-D93E-4C02-AF49-86C8DF0428FA}
	EndGlobalSection
EndGlobal
